// !$*UTF8*$!
{
	archiveVersion = 1;
	classes = {
	};
	objectVersion = 48;
	objects = {

/* Begin PBXBuildFile section */
		3F85A4AC1F713DCF00EE4E6C /* NewTransactionViewController.swift in Sources */ = {isa = PBXBuildFile; fileRef = 3F85A4AB1F713DCF00EE4E6C /* NewTransactionViewController.swift */; };
		43C3950B1F6F04F1002D98D8 /* CategoriesViewController.swift in Sources */ = {isa = PBXBuildFile; fileRef = 43C3950A1F6F04F1002D98D8 /* CategoriesViewController.swift */; };
		43E45A251F6E712A00BA8B5A /* AppDelegate.swift in Sources */ = {isa = PBXBuildFile; fileRef = 43E45A241F6E712A00BA8B5A /* AppDelegate.swift */; };
		43E45A271F6E712A00BA8B5A /* MainController.swift in Sources */ = {isa = PBXBuildFile; fileRef = 43E45A261F6E712A00BA8B5A /* MainController.swift */; };
		43E45A2A1F6E712A00BA8B5A /* Main.storyboard in Resources */ = {isa = PBXBuildFile; fileRef = 43E45A281F6E712A00BA8B5A /* Main.storyboard */; };
		43E45A2C1F6E712A00BA8B5A /* Assets.xcassets in Resources */ = {isa = PBXBuildFile; fileRef = 43E45A2B1F6E712A00BA8B5A /* Assets.xcassets */; };
		43E45A2F1F6E712A00BA8B5A /* LaunchScreen.storyboard in Resources */ = {isa = PBXBuildFile; fileRef = 43E45A2D1F6E712A00BA8B5A /* LaunchScreen.storyboard */; };
		43E45A391F6E750100BA8B5A /* Category.swift in Sources */ = {isa = PBXBuildFile; fileRef = 43E45A381F6E750100BA8B5A /* Category.swift */; };
		43E45A3B1F6E75C000BA8B5A /* Transaction.swift in Sources */ = {isa = PBXBuildFile; fileRef = 43E45A3A1F6E75C000BA8B5A /* Transaction.swift */; };
		43E45A3D1F6E774800BA8B5A /* StoreManager.swift in Sources */ = {isa = PBXBuildFile; fileRef = 43E45A3C1F6E774800BA8B5A /* StoreManager.swift */; };
		43EA716D1F7058A500CDE8F0 /* NewCategoryViewController.swift in Sources */ = {isa = PBXBuildFile; fileRef = 43EA716C1F7058A500CDE8F0 /* NewCategoryViewController.swift */; };
		43EA71701F705D0000CDE8F0 /* UIViewController.swift in Sources */ = {isa = PBXBuildFile; fileRef = 43EA716F1F705D0000CDE8F0 /* UIViewController.swift */; };
/* End PBXBuildFile section */

/* Begin PBXFileReference section */
		3F85A4AB1F713DCF00EE4E6C /* NewTransactionViewController.swift */ = {isa = PBXFileReference; lastKnownFileType = sourcecode.swift; path = NewTransactionViewController.swift; sourceTree = "<group>"; };
		43C3950A1F6F04F1002D98D8 /* CategoriesViewController.swift */ = {isa = PBXFileReference; lastKnownFileType = sourcecode.swift; path = CategoriesViewController.swift; sourceTree = "<group>"; };
		43E45A211F6E712900BA8B5A /* Home finance.app */ = {isa = PBXFileReference; explicitFileType = wrapper.application; includeInIndex = 0; path = "Home finance.app"; sourceTree = BUILT_PRODUCTS_DIR; };
		43E45A241F6E712A00BA8B5A /* AppDelegate.swift */ = {isa = PBXFileReference; lastKnownFileType = sourcecode.swift; path = AppDelegate.swift; sourceTree = "<group>"; };
		43E45A261F6E712A00BA8B5A /* MainController.swift */ = {isa = PBXFileReference; lastKnownFileType = sourcecode.swift; path = MainController.swift; sourceTree = "<group>"; };
		43E45A291F6E712A00BA8B5A /* Base */ = {isa = PBXFileReference; lastKnownFileType = file.storyboard; name = Base; path = Base.lproj/Main.storyboard; sourceTree = "<group>"; };
		43E45A2B1F6E712A00BA8B5A /* Assets.xcassets */ = {isa = PBXFileReference; lastKnownFileType = folder.assetcatalog; path = Assets.xcassets; sourceTree = "<group>"; };
		43E45A2E1F6E712A00BA8B5A /* Base */ = {isa = PBXFileReference; lastKnownFileType = file.storyboard; name = Base; path = Base.lproj/LaunchScreen.storyboard; sourceTree = "<group>"; };
		43E45A301F6E712A00BA8B5A /* Info.plist */ = {isa = PBXFileReference; lastKnownFileType = text.plist.xml; path = Info.plist; sourceTree = "<group>"; };
		43E45A381F6E750100BA8B5A /* Category.swift */ = {isa = PBXFileReference; lastKnownFileType = sourcecode.swift; path = Category.swift; sourceTree = "<group>"; };
		43E45A3A1F6E75C000BA8B5A /* Transaction.swift */ = {isa = PBXFileReference; lastKnownFileType = sourcecode.swift; path = Transaction.swift; sourceTree = "<group>"; };
		43E45A3C1F6E774800BA8B5A /* StoreManager.swift */ = {isa = PBXFileReference; lastKnownFileType = sourcecode.swift; path = StoreManager.swift; sourceTree = "<group>"; };
		43EA716C1F7058A500CDE8F0 /* NewCategoryViewController.swift */ = {isa = PBXFileReference; lastKnownFileType = sourcecode.swift; path = NewCategoryViewController.swift; sourceTree = "<group>"; };
		43EA716F1F705D0000CDE8F0 /* UIViewController.swift */ = {isa = PBXFileReference; lastKnownFileType = sourcecode.swift; path = UIViewController.swift; sourceTree = "<group>"; };
/* End PBXFileReference section */

/* Begin PBXFrameworksBuildPhase section */
		43E45A1E1F6E712900BA8B5A /* Frameworks */ = {
			isa = PBXFrameworksBuildPhase;
			buildActionMask = 2147483647;
			files = (
			);
			runOnlyForDeploymentPostprocessing = 0;
		};
/* End PBXFrameworksBuildPhase section */

/* Begin PBXGroup section */
		43E45A181F6E712800BA8B5A = {
			isa = PBXGroup;
			children = (
				43E45A231F6E712900BA8B5A /* Home finance */,
				43E45A221F6E712900BA8B5A /* Products */,
			);
			sourceTree = "<group>";
		};
		43E45A221F6E712900BA8B5A /* Products */ = {
			isa = PBXGroup;
			children = (
				43E45A211F6E712900BA8B5A /* Home finance.app */,
			);
			name = Products;
			sourceTree = "<group>";
		};
		43E45A231F6E712900BA8B5A /* Home finance */ = {
			isa = PBXGroup;
			children = (
				43EA716E1F705CCC00CDE8F0 /* Extensions */,
				43E45A371F6E748700BA8B5A /* Model */,
				43E45A361F6E747700BA8B5A /* Controllers */,
				43E45A241F6E712A00BA8B5A /* AppDelegate.swift */,
				43E45A281F6E712A00BA8B5A /* Main.storyboard */,
				43E45A2B1F6E712A00BA8B5A /* Assets.xcassets */,
				43E45A2D1F6E712A00BA8B5A /* LaunchScreen.storyboard */,
				43E45A301F6E712A00BA8B5A /* Info.plist */,
			);
			path = "Home finance";
			sourceTree = "<group>";
		};
		43E45A361F6E747700BA8B5A /* Controllers */ = {
			isa = PBXGroup;
			children = (
				43E45A261F6E712A00BA8B5A /* MainController.swift */,
				43C3950A1F6F04F1002D98D8 /* CategoriesViewController.swift */,
				43EA716C1F7058A500CDE8F0 /* NewCategoryViewController.swift */,
				3F85A4AB1F713DCF00EE4E6C /* NewTransactionViewController.swift */,
			);
			path = Controllers;
			sourceTree = "<group>";
		};
		43E45A371F6E748700BA8B5A /* Model */ = {
			isa = PBXGroup;
			children = (
				43E45A381F6E750100BA8B5A /* Category.swift */,
				43E45A3A1F6E75C000BA8B5A /* Transaction.swift */,
				43E45A3C1F6E774800BA8B5A /* StoreManager.swift */,
			);
			path = Model;
			sourceTree = "<group>";
		};
		43EA716E1F705CCC00CDE8F0 /* Extensions */ = {
			isa = PBXGroup;
			children = (
				43EA716F1F705D0000CDE8F0 /* UIViewController.swift */,
			);
			path = Extensions;
			sourceTree = "<group>";
		};
/* End PBXGroup section */

/* Begin PBXNativeTarget section */
		43E45A201F6E712900BA8B5A /* Home finance */ = {
			isa = PBXNativeTarget;
			buildConfigurationList = 43E45A331F6E712A00BA8B5A /* Build configuration list for PBXNativeTarget "Home finance" */;
			buildPhases = (
				43E45A1D1F6E712900BA8B5A /* Sources */,
				43E45A1E1F6E712900BA8B5A /* Frameworks */,
				43E45A1F1F6E712900BA8B5A /* Resources */,
			);
			buildRules = (
			);
			dependencies = (
			);
			name = "Home finance";
			productName = "Home finance";
			productReference = 43E45A211F6E712900BA8B5A /* Home finance.app */;
			productType = "com.apple.product-type.application";
		};
/* End PBXNativeTarget section */

/* Begin PBXProject section */
		43E45A191F6E712800BA8B5A /* Project object */ = {
			isa = PBXProject;
			attributes = {
				LastSwiftUpdateCheck = 0900;
				LastUpgradeCheck = 0900;
				ORGANIZATIONNAME = "Богдан Гуцул";
				TargetAttributes = {
					43E45A201F6E712900BA8B5A = {
						CreatedOnToolsVersion = 9.0;
						ProvisioningStyle = Automatic;
					};
				};
			};
			buildConfigurationList = 43E45A1C1F6E712800BA8B5A /* Build configuration list for PBXProject "Home finance" */;
			compatibilityVersion = "Xcode 8.0";
			developmentRegion = en;
			hasScannedForEncodings = 0;
			knownRegions = (
				en,
				Base,
			);
			mainGroup = 43E45A181F6E712800BA8B5A;
			productRefGroup = 43E45A221F6E712900BA8B5A /* Products */;
			projectDirPath = "";
			projectRoot = "";
			targets = (
				43E45A201F6E712900BA8B5A /* Home finance */,
			);
		};
/* End PBXProject section */

/* Begin PBXResourcesBuildPhase section */
		43E45A1F1F6E712900BA8B5A /* Resources */ = {
			isa = PBXResourcesBuildPhase;
			buildActionMask = 2147483647;
			files = (
				43E45A2F1F6E712A00BA8B5A /* LaunchScreen.storyboard in Resources */,
				43E45A2C1F6E712A00BA8B5A /* Assets.xcassets in Resources */,
				43E45A2A1F6E712A00BA8B5A /* Main.storyboard in Resources */,
			);
			runOnlyForDeploymentPostprocessing = 0;
		};
/* End PBXResourcesBuildPhase section */

/* Begin PBXSourcesBuildPhase section */
		43E45A1D1F6E712900BA8B5A /* Sources */ = {
			isa = PBXSourcesBuildPhase;
			buildActionMask = 2147483647;
			files = (
				43E45A271F6E712A00BA8B5A /* MainController.swift in Sources */,
				43E45A251F6E712A00BA8B5A /* AppDelegate.swift in Sources */,
				43C3950B1F6F04F1002D98D8 /* CategoriesViewController.swift in Sources */,
				43E45A3D1F6E774800BA8B5A /* StoreManager.swift in Sources */,
				43EA716D1F7058A500CDE8F0 /* NewCategoryViewController.swift in Sources */,
				3F85A4AC1F713DCF00EE4E6C /* NewTransactionViewController.swift in Sources */,
				43E45A3B1F6E75C000BA8B5A /* Transaction.swift in Sources */,
				43EA71701F705D0000CDE8F0 /* UIViewController.swift in Sources */,
				43E45A391F6E750100BA8B5A /* Category.swift in Sources */,
			);
			runOnlyForDeploymentPostprocessing = 0;
		};
/* End PBXSourcesBuildPhase section */

/* Begin PBXVariantGroup section */
		43E45A281F6E712A00BA8B5A /* Main.storyboard */ = {
			isa = PBXVariantGroup;
			children = (
				43E45A291F6E712A00BA8B5A /* Base */,
			);
			name = Main.storyboard;
			sourceTree = "<group>";
		};
		43E45A2D1F6E712A00BA8B5A /* LaunchScreen.storyboard */ = {
			isa = PBXVariantGroup;
			children = (
				43E45A2E1F6E712A00BA8B5A /* Base */,
			);
			name = LaunchScreen.storyboard;
			sourceTree = "<group>";
		};
/* End PBXVariantGroup section */

/* Begin XCBuildConfiguration section */
		43E45A311F6E712A00BA8B5A /* Debug */ = {
			isa = XCBuildConfiguration;
			buildSettings = {
				ALWAYS_SEARCH_USER_PATHS = NO;
				CLANG_ANALYZER_NONNULL = YES;
				CLANG_ANALYZER_NUMBER_OBJECT_CONVERSION = YES_AGGRESSIVE;
				CLANG_CXX_LANGUAGE_STANDARD = "gnu++14";
				CLANG_CXX_LIBRARY = "libc++";
				CLANG_ENABLE_MODULES = YES;
				CLANG_ENABLE_OBJC_ARC = YES;
				CLANG_WARN_BLOCK_CAPTURE_AUTORELEASING = YES;
				CLANG_WARN_BOOL_CONVERSION = YES;
				CLANG_WARN_COMMA = YES;
				CLANG_WARN_CONSTANT_CONVERSION = YES;
				CLANG_WARN_DIRECT_OBJC_ISA_USAGE = YES_ERROR;
				CLANG_WARN_DOCUMENTATION_COMMENTS = YES;
				CLANG_WARN_EMPTY_BODY = YES;
				CLANG_WARN_ENUM_CONVERSION = YES;
				CLANG_WARN_INFINITE_RECURSION = YES;
				CLANG_WARN_INT_CONVERSION = YES;
				CLANG_WARN_NON_LITERAL_NULL_CONVERSION = YES;
				CLANG_WARN_OBJC_LITERAL_CONVERSION = YES;
				CLANG_WARN_OBJC_ROOT_CLASS = YES_ERROR;
				CLANG_WARN_RANGE_LOOP_ANALYSIS = YES;
				CLANG_WARN_STRICT_PROTOTYPES = YES;
				CLANG_WARN_SUSPICIOUS_MOVE = YES;
				CLANG_WARN_UNGUARDED_AVAILABILITY = YES_AGGRESSIVE;
				CLANG_WARN_UNREACHABLE_CODE = YES;
				CLANG_WARN__DUPLICATE_METHOD_MATCH = YES;
				CODE_SIGN_IDENTITY = "iPhone Developer";
				COPY_PHASE_STRIP = NO;
				DEBUG_INFORMATION_FORMAT = dwarf;
				ENABLE_STRICT_OBJC_MSGSEND = YES;
				ENABLE_TESTABILITY = YES;
				GCC_C_LANGUAGE_STANDARD = gnu11;
				GCC_DYNAMIC_NO_PIC = NO;
				GCC_NO_COMMON_BLOCKS = YES;
				GCC_OPTIMIZATION_LEVEL = 0;
				GCC_PREPROCESSOR_DEFINITIONS = (
					"DEBUG=1",
					"$(inherited)",
				);
				GCC_WARN_64_TO_32_BIT_CONVERSION = YES;
				GCC_WARN_ABOUT_RETURN_TYPE = YES_ERROR;
				GCC_WARN_UNDECLARED_SELECTOR = YES;
				GCC_WARN_UNINITIALIZED_AUTOS = YES_AGGRESSIVE;
				GCC_WARN_UNUSED_FUNCTION = YES;
				GCC_WARN_UNUSED_VARIABLE = YES;
				IPHONEOS_DEPLOYMENT_TARGET = 11.0;
				MTL_ENABLE_DEBUG_INFO = YES;
				ONLY_ACTIVE_ARCH = YES;
				SDKROOT = iphoneos;
				SWIFT_ACTIVE_COMPILATION_CONDITIONS = DEBUG;
				SWIFT_OPTIMIZATION_LEVEL = "-Onone";
			};
			name = Debug;
		};
		43E45A321F6E712A00BA8B5A /* Release */ = {
			isa = XCBuildConfiguration;
			buildSettings = {
				ALWAYS_SEARCH_USER_PATHS = NO;
				CLANG_ANALYZER_NONNULL = YES;
				CLANG_ANALYZER_NUMBER_OBJECT_CONVERSION = YES_AGGRESSIVE;
				CLANG_CXX_LANGUAGE_STANDARD = "gnu++14";
				CLANG_CXX_LIBRARY = "libc++";
				CLANG_ENABLE_MODULES = YES;
				CLANG_ENABLE_OBJC_ARC = YES;
				CLANG_WARN_BLOCK_CAPTURE_AUTORELEASING = YES;
				CLANG_WARN_BOOL_CONVERSION = YES;
				CLANG_WARN_COMMA = YES;
				CLANG_WARN_CONSTANT_CONVERSION = YES;
				CLANG_WARN_DIRECT_OBJC_ISA_USAGE = YES_ERROR;
				CLANG_WARN_DOCUMENTATION_COMMENTS = YES;
				CLANG_WARN_EMPTY_BODY = YES;
				CLANG_WARN_ENUM_CONVERSION = YES;
				CLANG_WARN_INFINITE_RECURSION = YES;
				CLANG_WARN_INT_CONVERSION = YES;
				CLANG_WARN_NON_LITERAL_NULL_CONVERSION = YES;
				CLANG_WARN_OBJC_LITERAL_CONVERSION = YES;
				CLANG_WARN_OBJC_ROOT_CLASS = YES_ERROR;
				CLANG_WARN_RANGE_LOOP_ANALYSIS = YES;
				CLANG_WARN_STRICT_PROTOTYPES = YES;
				CLANG_WARN_SUSPICIOUS_MOVE = YES;
				CLANG_WARN_UNGUARDED_AVAILABILITY = YES_AGGRESSIVE;
				CLANG_WARN_UNREACHABLE_CODE = YES;
				CLANG_WARN__DUPLICATE_METHOD_MATCH = YES;
				CODE_SIGN_IDENTITY = "iPhone Developer";
				COPY_PHASE_STRIP = NO;
				DEBUG_INFORMATION_FORMAT = "dwarf-with-dsym";
				ENABLE_NS_ASSERTIONS = NO;
				ENABLE_STRICT_OBJC_MSGSEND = YES;
				GCC_C_LANGUAGE_STANDARD = gnu11;
				GCC_NO_COMMON_BLOCKS = YES;
				GCC_WARN_64_TO_32_BIT_CONVERSION = YES;
				GCC_WARN_ABOUT_RETURN_TYPE = YES_ERROR;
				GCC_WARN_UNDECLARED_SELECTOR = YES;
				GCC_WARN_UNINITIALIZED_AUTOS = YES_AGGRESSIVE;
				GCC_WARN_UNUSED_FUNCTION = YES;
				GCC_WARN_UNUSED_VARIABLE = YES;
				IPHONEOS_DEPLOYMENT_TARGET = 11.0;
				MTL_ENABLE_DEBUG_INFO = NO;
				SDKROOT = iphoneos;
				SWIFT_OPTIMIZATION_LEVEL = "-Owholemodule";
				VALIDATE_PRODUCT = YES;
			};
			name = Release;
		};
		43E45A341F6E712A00BA8B5A /* Debug */ = {
			isa = XCBuildConfiguration;
			buildSettings = {
				ASSETCATALOG_COMPILER_APPICON_NAME = AppIcon;
				CODE_SIGN_STYLE = Automatic;
				DEVELOPMENT_TEAM = DHT9CXHYVG;
				INFOPLIST_FILE = "Home finance/Info.plist";
				LD_RUNPATH_SEARCH_PATHS = "$(inherited) @executable_path/Frameworks";
				PRODUCT_BUNDLE_IDENTIFIER = "it.Home-finance";
				PRODUCT_NAME = "$(TARGET_NAME)";
				SWIFT_VERSION = 4.0;
				TARGETED_DEVICE_FAMILY = "1,2";
			};
			name = Debug;
		};
		43E45A351F6E712A00BA8B5A /* Release */ = {
			isa = XCBuildConfiguration;
			buildSettings = {
				ASSETCATALOG_COMPILER_APPICON_NAME = AppIcon;
				CODE_SIGN_STYLE = Automatic;
				DEVELOPMENT_TEAM = DHT9CXHYVG;
				INFOPLIST_FILE = "Home finance/Info.plist";
				LD_RUNPATH_SEARCH_PATHS = "$(inherited) @executable_path/Frameworks";
				PRODUCT_BUNDLE_IDENTIFIER = "it.Home-finance";
				PRODUCT_NAME = "$(TARGET_NAME)";
				SWIFT_VERSION = 4.0;
				TARGETED_DEVICE_FAMILY = "1,2";
			};
			name = Release;
		};
/* End XCBuildConfiguration section */

/* Begin XCConfigurationList section */
		43E45A1C1F6E712800BA8B5A /* Build configuration list for PBXProject "Home finance" */ = {
			isa = XCConfigurationList;
			buildConfigurations = (
				43E45A311F6E712A00BA8B5A /* Debug */,
				43E45A321F6E712A00BA8B5A /* Release */,
			);
			defaultConfigurationIsVisible = 0;
			defaultConfigurationName = Release;
		};
		43E45A331F6E712A00BA8B5A /* Build configuration list for PBXNativeTarget "Home finance" */ = {
			isa = XCConfigurationList;
			buildConfigurations = (
				43E45A341F6E712A00BA8B5A /* Debug */,
				43E45A351F6E712A00BA8B5A /* Release */,
			);
			defaultConfigurationIsVisible = 0;
			defaultConfigurationName = Release;
		};
/* End XCConfigurationList section */
	};
	rootObject = 43E45A191F6E712800BA8B5A /* Project object */;
}
